
Microsoft Visual Studio Solution File, Format Version 12.00
# Visual Studio Version 16
VisualStudioVersion = 16.0.31321.278
MinimumVisualStudioVersion = 10.0.40219.1
Project("{FAE04EC0-301F-11D3-BF4B-00C04F79EFBC}") = "ConsoleApp", "ConsoleApp.csproj", "{964722EE-86F3-4E4E-8332-585CBCE564C1}"
EndProject
Global
	GlobalSection(SolutionConfigurationPlatforms) = preSolution
		Debug|Any CPU = Debug|Any CPU
		Release|Any CPU = Release|Any CPU
	EndGlobalSection
	GlobalSection(ProjectConfigurationPlatforms) = postSolution
		{964722EE-86F3-4E4E-8332-585CBCE564C1}.Debug|Any CPU.ActiveCfg = Debug|Any CPU
		{964722EE-86F3-4E4E-8332-585CBCE564C1}.Debug|Any CPU.Build.0 = Debug|Any CPU
		{964722EE-86F3-4E4E-8332-585CBCE564C1}.Release|Any CPU.ActiveCfg = Release|Any CPU
		{964722EE-86F3-4E4E-8332-585CBCE564C1}.Release|Any CPU.Build.0 = Release|Any CPU
	EndGlobalSection
	GlobalSection(SolutionProperties) = preSolution
		HideSolutionNode = FALSE
	EndGlobalSection
	GlobalSection(ExtensibilityGlobals) = postSolution
		SolutionGuid = {9B847519-B976-4BCE-853A-BBEF723E0A35}
	EndGlobalSection
EndGlobal
